
Microsoft Visual Studio Solution File, Format Version 12.00
# Visual Studio Version 17
VisualStudioVersion = 17.6.33829.357
MinimumVisualStudioVersion = 10.0.40219.1
Project("{FAE04EC0-301F-11D3-BF4B-00C04F79EFBC}") = "Negocio", "Negocio\Negocio.csproj", "{5640B9CE-47EE-46BE-8940-7F004BF4F513}"
EndProject
Project("{9A19103F-16F7-4668-BE54-9A1E7A4F7556}") = "Persistencia", "..\Persistencia\Persistencia\Persistencia.csproj", "{9B676857-B60B-4616-9AB8-5056E4A333B2}"
EndProject
Project("{FAE04EC0-301F-11D3-BF4B-00C04F79EFBC}") = "Presentacion", "..\Presentacion\Presentacion.csproj", "{1562C7CE-382B-410E-86AE-06081576D3A8}"
EndProject
Global
	GlobalSection(SolutionConfigurationPlatforms) = preSolution
		Debug|Any CPU = Debug|Any CPU
		Release|Any CPU = Release|Any CPU
	EndGlobalSection
	GlobalSection(ProjectConfigurationPlatforms) = postSolution
		{5640B9CE-47EE-46BE-8940-7F004BF4F513}.Debug|Any CPU.ActiveCfg = Debug|Any CPU
		{5640B9CE-47EE-46BE-8940-7F004BF4F513}.Debug|Any CPU.Build.0 = Debug|Any CPU
		{5640B9CE-47EE-46BE-8940-7F004BF4F513}.Release|Any CPU.ActiveCfg = Release|Any CPU
		{5640B9CE-47EE-46BE-8940-7F004BF4F513}.Release|Any CPU.Build.0 = Release|Any CPU
		{9B676857-B60B-4616-9AB8-5056E4A333B2}.Debug|Any CPU.ActiveCfg = Debug|Any CPU
		{9B676857-B60B-4616-9AB8-5056E4A333B2}.Debug|Any CPU.Build.0 = Debug|Any CPU
		{9B676857-B60B-4616-9AB8-5056E4A333B2}.Release|Any CPU.ActiveCfg = Release|Any CPU
		{9B676857-B60B-4616-9AB8-5056E4A333B2}.Release|Any CPU.Build.0 = Release|Any CPU
		{1562C7CE-382B-410E-86AE-06081576D3A8}.Debug|Any CPU.ActiveCfg = Debug|Any CPU
		{1562C7CE-382B-410E-86AE-06081576D3A8}.Debug|Any CPU.Build.0 = Debug|Any CPU
		{1562C7CE-382B-410E-86AE-06081576D3A8}.Release|Any CPU.ActiveCfg = Release|Any CPU
		{1562C7CE-382B-410E-86AE-06081576D3A8}.Release|Any CPU.Build.0 = Release|Any CPU
	EndGlobalSection
	GlobalSection(SolutionProperties) = preSolution
		HideSolutionNode = FALSE
	EndGlobalSection
	GlobalSection(ExtensibilityGlobals) = postSolution
		SolutionGuid = {4F841D19-BD2C-4BE0-A795-393393B10CE3}
	EndGlobalSection
EndGlobal
